
Microsoft Visual Studio Solution File, Format Version 12.00
# Visual Studio 15
VisualStudioVersion = 15.0.28307.539
MinimumVisualStudioVersion = 10.0.40219.1
Project("{FAE04EC0-301F-11D3-BF4B-00C04F79EFBC}") = "SeriesManager.Controllers", "SeriesManager\SeriesManager.Controllers.csproj", "{329273D0-4314-4765-838B-1470BD559292}"
EndProject
Project("{FAE04EC0-301F-11D3-BF4B-00C04F79EFBC}") = "TVSeriesManager", "TVSeriesManager\TVSeriesManager.csproj", "{87F12175-B85C-4FF6-8721-67F3EFF7DCA2}"
EndProject
Project("{FAE04EC0-301F-11D3-BF4B-00C04F79EFBC}") = "SeriesManager.Data", "SeriesManager.Data\SeriesManager.Data.csproj", "{DB119BCA-222B-49D5-8DF9-AB351D5313DD}"
EndProject
Project("{FAE04EC0-301F-11D3-BF4B-00C04F79EFBC}") = "SeriesManager.View", "SeriesManager.View\SeriesManager.View.csproj", "{45A308FB-F553-4701-8205-6BB0F1EAAA48}"
EndProject
Project("{FAE04EC0-301F-11D3-BF4B-00C04F79EFBC}") = "SeriesModels", "SeriesModels\SeriesModels.csproj", "{82390BE1-FEB1-40DE-A2AE-DF33B63CDA38}"
EndProject
Global
	GlobalSection(SolutionConfigurationPlatforms) = preSolution
		Debug|Any CPU = Debug|Any CPU
		Release|Any CPU = Release|Any CPU
	EndGlobalSection
	GlobalSection(ProjectConfigurationPlatforms) = postSolution
		{329273D0-4314-4765-838B-1470BD559292}.Debug|Any CPU.ActiveCfg = Debug|Any CPU
		{329273D0-4314-4765-838B-1470BD559292}.Debug|Any CPU.Build.0 = Debug|Any CPU
		{329273D0-4314-4765-838B-1470BD559292}.Release|Any CPU.ActiveCfg = Release|Any CPU
		{329273D0-4314-4765-838B-1470BD559292}.Release|Any CPU.Build.0 = Release|Any CPU
		{87F12175-B85C-4FF6-8721-67F3EFF7DCA2}.Debug|Any CPU.ActiveCfg = Debug|Any CPU
		{87F12175-B85C-4FF6-8721-67F3EFF7DCA2}.Debug|Any CPU.Build.0 = Debug|Any CPU
		{87F12175-B85C-4FF6-8721-67F3EFF7DCA2}.Release|Any CPU.ActiveCfg = Release|Any CPU
		{87F12175-B85C-4FF6-8721-67F3EFF7DCA2}.Release|Any CPU.Build.0 = Release|Any CPU
		{DB119BCA-222B-49D5-8DF9-AB351D5313DD}.Debug|Any CPU.ActiveCfg = Debug|Any CPU
		{DB119BCA-222B-49D5-8DF9-AB351D5313DD}.Debug|Any CPU.Build.0 = Debug|Any CPU
		{DB119BCA-222B-49D5-8DF9-AB351D5313DD}.Release|Any CPU.ActiveCfg = Release|Any CPU
		{DB119BCA-222B-49D5-8DF9-AB351D5313DD}.Release|Any CPU.Build.0 = Release|Any CPU
		{45A308FB-F553-4701-8205-6BB0F1EAAA48}.Debug|Any CPU.ActiveCfg = Debug|Any CPU
		{45A308FB-F553-4701-8205-6BB0F1EAAA48}.Debug|Any CPU.Build.0 = Debug|Any CPU
		{45A308FB-F553-4701-8205-6BB0F1EAAA48}.Release|Any CPU.ActiveCfg = Release|Any CPU
		{45A308FB-F553-4701-8205-6BB0F1EAAA48}.Release|Any CPU.Build.0 = Release|Any CPU
		{82390BE1-FEB1-40DE-A2AE-DF33B63CDA38}.Debug|Any CPU.ActiveCfg = Debug|Any CPU
		{82390BE1-FEB1-40DE-A2AE-DF33B63CDA38}.Debug|Any CPU.Build.0 = Debug|Any CPU
		{82390BE1-FEB1-40DE-A2AE-DF33B63CDA38}.Release|Any CPU.ActiveCfg = Release|Any CPU
		{82390BE1-FEB1-40DE-A2AE-DF33B63CDA38}.Release|Any CPU.Build.0 = Release|Any CPU
	EndGlobalSection
	GlobalSection(SolutionProperties) = preSolution
		HideSolutionNode = FALSE
	EndGlobalSection
	GlobalSection(ExtensibilityGlobals) = postSolution
		SolutionGuid = {715B16E1-D30C-4BA3-984F-7B1FEEF48F0B}
	EndGlobalSection
EndGlobal
