
Microsoft Visual Studio Solution File, Format Version 12.00
# Visual Studio 15
VisualStudioVersion = 15.0.27703.2042
MinimumVisualStudioVersion = 10.0.40219.1
Project("{FAE04EC0-301F-11D3-BF4B-00C04F79EFBC}") = "RockPaperScissors", "RockPaperScissors\RockPaperScissors.csproj", "{BAA61BCD-05BD-4F82-B232-2844CA95801F}"
EndProject
Global
	GlobalSection(SolutionConfigurationPlatforms) = preSolution
		Debug|Any CPU = Debug|Any CPU
		Release|Any CPU = Release|Any CPU
	EndGlobalSection
	GlobalSection(ProjectConfigurationPlatforms) = postSolution
		{BAA61BCD-05BD-4F82-B232-2844CA95801F}.Debug|Any CPU.ActiveCfg = Debug|Any CPU
		{BAA61BCD-05BD-4F82-B232-2844CA95801F}.Debug|Any CPU.Build.0 = Debug|Any CPU
		{BAA61BCD-05BD-4F82-B232-2844CA95801F}.Release|Any CPU.ActiveCfg = Release|Any CPU
		{BAA61BCD-05BD-4F82-B232-2844CA95801F}.Release|Any CPU.Build.0 = Release|Any CPU
	EndGlobalSection
	GlobalSection(SolutionProperties) = preSolution
		HideSolutionNode = FALSE
	EndGlobalSection
	GlobalSection(ExtensibilityGlobals) = postSolution
		SolutionGuid = {C795DF0B-86D1-489E-8EEC-1D8410CF789D}
	EndGlobalSection
EndGlobal
