
Microsoft Visual Studio Solution File, Format Version 12.00
# Visual Studio 15
VisualStudioVersion = 15.0.27703.2042
MinimumVisualStudioVersion = 10.0.40219.1
Project("{FAE04EC0-301F-11D3-BF4B-00C04F79EFBC}") = "DogGenetics", "DogGenetics\DogGenetics.csproj", "{78AB1FBD-0E38-4350-8F57-85A84D1A0D01}"
EndProject
Global
	GlobalSection(SolutionConfigurationPlatforms) = preSolution
		Debug|Any CPU = Debug|Any CPU
		Release|Any CPU = Release|Any CPU
	EndGlobalSection
	GlobalSection(ProjectConfigurationPlatforms) = postSolution
		{78AB1FBD-0E38-4350-8F57-85A84D1A0D01}.Debug|Any CPU.ActiveCfg = Debug|Any CPU
		{78AB1FBD-0E38-4350-8F57-85A84D1A0D01}.Debug|Any CPU.Build.0 = Debug|Any CPU
		{78AB1FBD-0E38-4350-8F57-85A84D1A0D01}.Release|Any CPU.ActiveCfg = Release|Any CPU
		{78AB1FBD-0E38-4350-8F57-85A84D1A0D01}.Release|Any CPU.Build.0 = Release|Any CPU
	EndGlobalSection
	GlobalSection(SolutionProperties) = preSolution
		HideSolutionNode = FALSE
	EndGlobalSection
	GlobalSection(ExtensibilityGlobals) = postSolution
		SolutionGuid = {AA900624-9825-427E-8BF5-8E60744FE425}
	EndGlobalSection
EndGlobal
